
Microsoft Visual Studio Solution File, Format Version 12.00
# Visual Studio 15
VisualStudioVersion = 15.0.28010.2048
MinimumVisualStudioVersion = 10.0.40219.1
Project("{FAE04EC0-301F-11D3-BF4B-00C04F79EFBC}") = "SQLLite.Android", "SQLLite\SQLLite.Android\SQLLite.Android.csproj", "{13CA0821-BF6C-4A80-9F05-391FAA974FF5}"
EndProject
Project("{FAE04EC0-301F-11D3-BF4B-00C04F79EFBC}") = "SQLLite.iOS", "SQLLite\SQLLite.iOS\SQLLite.iOS.csproj", "{A68A9AF1-1AB6-479F-B61A-C7F6CB2FB080}"
EndProject
Project("{FAE04EC0-301F-11D3-BF4B-00C04F79EFBC}") = "SQLLite.UWP", "SQLLite\SQLLite.UWP\SQLLite.UWP.csproj", "{807052B4-44C3-4365-9742-0650EE976ADC}"
EndProject
Project("{FAE04EC0-301F-11D3-BF4B-00C04F79EFBC}") = "SQLLite", "SQLLite\SQLLite\SQLLite.csproj", "{D479A6C0-9968-4878-A53C-7DF30D14FEB8}"
EndProject
Global
	GlobalSection(SolutionConfigurationPlatforms) = preSolution
		Ad-Hoc|Any CPU = Ad-Hoc|Any CPU
		Ad-Hoc|ARM = Ad-Hoc|ARM
		Ad-Hoc|iPhone = Ad-Hoc|iPhone
		Ad-Hoc|iPhoneSimulator = Ad-Hoc|iPhoneSimulator
		Ad-Hoc|x64 = Ad-Hoc|x64
		Ad-Hoc|x86 = Ad-Hoc|x86
		AppStore|Any CPU = AppStore|Any CPU
		AppStore|ARM = AppStore|ARM
		AppStore|iPhone = AppStore|iPhone
		AppStore|iPhoneSimulator = AppStore|iPhoneSimulator
		AppStore|x64 = AppStore|x64
		AppStore|x86 = AppStore|x86
		Debug|Any CPU = Debug|Any CPU
		Debug|ARM = Debug|ARM
		Debug|iPhone = Debug|iPhone
		Debug|iPhoneSimulator = Debug|iPhoneSimulator
		Debug|x64 = Debug|x64
		Debug|x86 = Debug|x86
		Release|Any CPU = Release|Any CPU
		Release|ARM = Release|ARM
		Release|iPhone = Release|iPhone
		Release|iPhoneSimulator = Release|iPhoneSimulator
		Release|x64 = Release|x64
		Release|x86 = Release|x86
	EndGlobalSection
	GlobalSection(ProjectConfigurationPlatforms) = postSolution
		{13CA0821-BF6C-4A80-9F05-391FAA974FF5}.Ad-Hoc|Any CPU.ActiveCfg = Release|Any CPU
		{13CA0821-BF6C-4A80-9F05-391FAA974FF5}.Ad-Hoc|Any CPU.Build.0 = Release|Any CPU
		{13CA0821-BF6C-4A80-9F05-391FAA974FF5}.Ad-Hoc|Any CPU.Deploy.0 = Release|Any CPU
		{13CA0821-BF6C-4A80-9F05-391FAA974FF5}.Ad-Hoc|ARM.ActiveCfg = Release|Any CPU
		{13CA0821-BF6C-4A80-9F05-391FAA974FF5}.Ad-Hoc|ARM.Build.0 = Release|Any CPU
		{13CA0821-BF6C-4A80-9F05-391FAA974FF5}.Ad-Hoc|ARM.Deploy.0 = Release|Any CPU
		{13CA0821-BF6C-4A80-9F05-391FAA974FF5}.Ad-Hoc|iPhone.ActiveCfg = Release|Any CPU
		{13CA0821-BF6C-4A80-9F05-391FAA974FF5}.Ad-Hoc|iPhone.Build.0 = Release|Any CPU
		{13CA0821-BF6C-4A80-9F05-391FAA974FF5}.Ad-Hoc|iPhone.Deploy.0 = Release|Any CPU
		{13CA0821-BF6C-4A80-9F05-391FAA974FF5}.Ad-Hoc|iPhoneSimulator.ActiveCfg = Release|Any CPU
		{13CA0821-BF6C-4A80-9F05-391FAA974FF5}.Ad-Hoc|iPhoneSimulator.Build.0 = Release|Any CPU
		{13CA0821-BF6C-4A80-9F05-391FAA974FF5}.Ad-Hoc|iPhoneSimulator.Deploy.0 = Release|Any CPU
		{13CA0821-BF6C-4A80-9F05-391FAA974FF5}.Ad-Hoc|x64.ActiveCfg = Release|Any CPU
		{13CA0821-BF6C-4A80-9F05-391FAA974FF5}.Ad-Hoc|x64.Build.0 = Release|Any CPU
		{13CA0821-BF6C-4A80-9F05-391FAA974FF5}.Ad-Hoc|x64.Deploy.0 = Release|Any CPU
		{13CA0821-BF6C-4A80-9F05-391FAA974FF5}.Ad-Hoc|x86.ActiveCfg = Release|Any CPU
		{13CA0821-BF6C-4A80-9F05-391FAA974FF5}.Ad-Hoc|x86.Build.0 = Release|Any CPU
		{13CA0821-BF6C-4A80-9F05-391FAA974FF5}.Ad-Hoc|x86.Deploy.0 = Release|Any CPU
		{13CA0821-BF6C-4A80-9F05-391FAA974FF5}.AppStore|Any CPU.ActiveCfg = Release|Any CPU
		{13CA0821-BF6C-4A80-9F05-391FAA974FF5}.AppStore|Any CPU.Build.0 = Release|Any CPU
		{13CA0821-BF6C-4A80-9F05-391FAA974FF5}.AppStore|Any CPU.Deploy.0 = Release|Any CPU
		{13CA0821-BF6C-4A80-9F05-391FAA974FF5}.AppStore|ARM.ActiveCfg = Release|Any CPU
		{13CA0821-BF6C-4A80-9F05-391FAA974FF5}.AppStore|ARM.Build.0 = Release|Any CPU
		{13CA0821-BF6C-4A80-9F05-391FAA974FF5}.AppStore|ARM.Deploy.0 = Release|Any CPU
		{13CA0821-BF6C-4A80-9F05-391FAA974FF5}.AppStore|iPhone.ActiveCfg = Release|Any CPU
		{13CA0821-BF6C-4A80-9F05-391FAA974FF5}.AppStore|iPhone.Build.0 = Release|Any CPU
		{13CA0821-BF6C-4A80-9F05-391FAA974FF5}.AppStore|iPhone.Deploy.0 = Release|Any CPU
		{13CA0821-BF6C-4A80-9F05-391FAA974FF5}.AppStore|iPhoneSimulator.ActiveCfg = Release|Any CPU
		{13CA0821-BF6C-4A80-9F05-391FAA974FF5}.AppStore|iPhoneSimulator.Build.0 = Release|Any CPU
		{13CA0821-BF6C-4A80-9F05-391FAA974FF5}.AppStore|iPhoneSimulator.Deploy.0 = Release|Any CPU
		{13CA0821-BF6C-4A80-9F05-391FAA974FF5}.AppStore|x64.ActiveCfg = Release|Any CPU
		{13CA0821-BF6C-4A80-9F05-391FAA974FF5}.AppStore|x64.Build.0 = Release|Any CPU
		{13CA0821-BF6C-4A80-9F05-391FAA974FF5}.AppStore|x64.Deploy.0 = Release|Any CPU
		{13CA0821-BF6C-4A80-9F05-391FAA974FF5}.AppStore|x86.ActiveCfg = Release|Any CPU
		{13CA0821-BF6C-4A80-9F05-391FAA974FF5}.AppStore|x86.Build.0 = Release|Any CPU
		{13CA0821-BF6C-4A80-9F05-391FAA974FF5}.AppStore|x86.Deploy.0 = Release|Any CPU
		{13CA0821-BF6C-4A80-9F05-391FAA974FF5}.Debug|Any CPU.ActiveCfg = Debug|Any CPU
		{13CA0821-BF6C-4A80-9F05-391FAA974FF5}.Debug|Any CPU.Build.0 = Debug|Any CPU
		{13CA0821-BF6C-4A80-9F05-391FAA974FF5}.Debug|Any CPU.Deploy.0 = Debug|Any CPU
		{13CA0821-BF6C-4A80-9F05-391FAA974FF5}.Debug|ARM.ActiveCfg = Debug|Any CPU
		{13CA0821-BF6C-4A80-9F05-391FAA974FF5}.Debug|ARM.Build.0 = Debug|Any CPU
		{13CA0821-BF6C-4A80-9F05-391FAA974FF5}.Debug|ARM.Deploy.0 = Debug|Any CPU
		{13CA0821-BF6C-4A80-9F05-391FAA974FF5}.Debug|iPhone.ActiveCfg = Debug|Any CPU
		{13CA0821-BF6C-4A80-9F05-391FAA974FF5}.Debug|iPhone.Build.0 = Debug|Any CPU
		{13CA0821-BF6C-4A80-9F05-391FAA974FF5}.Debug|iPhone.Deploy.0 = Debug|Any CPU
		{13CA0821-BF6C-4A80-9F05-391FAA974FF5}.Debug|iPhoneSimulator.ActiveCfg = Debug|Any CPU
		{13CA0821-BF6C-4A80-9F05-391FAA974FF5}.Debug|iPhoneSimulator.Build.0 = Debug|Any CPU
		{13CA0821-BF6C-4A80-9F05-391FAA974FF5}.Debug|iPhoneSimulator.Deploy.0 = Debug|Any CPU
		{13CA0821-BF6C-4A80-9F05-391FAA974FF5}.Debug|x64.ActiveCfg = Debug|Any CPU
		{13CA0821-BF6C-4A80-9F05-391FAA974FF5}.Debug|x64.Build.0 = Debug|Any CPU
		{13CA0821-BF6C-4A80-9F05-391FAA974FF5}.Debug|x64.Deploy.0 = Debug|Any CPU
		{13CA0821-BF6C-4A80-9F05-391FAA974FF5}.Debug|x86.ActiveCfg = Debug|Any CPU
		{13CA0821-BF6C-4A80-9F05-391FAA974FF5}.Debug|x86.Build.0 = Debug|Any CPU
		{13CA0821-BF6C-4A80-9F05-391FAA974FF5}.Debug|x86.Deploy.0 = Debug|Any CPU
		{13CA0821-BF6C-4A80-9F05-391FAA974FF5}.Release|Any CPU.ActiveCfg = Release|Any CPU
		{13CA0821-BF6C-4A80-9F05-391FAA974FF5}.Release|Any CPU.Build.0 = Release|Any CPU
		{13CA0821-BF6C-4A80-9F05-391FAA974FF5}.Release|Any CPU.Deploy.0 = Release|Any CPU
		{13CA0821-BF6C-4A80-9F05-391FAA974FF5}.Release|ARM.ActiveCfg = Release|Any CPU
		{13CA0821-BF6C-4A80-9F05-391FAA974FF5}.Release|ARM.Build.0 = Release|Any CPU
		{13CA0821-BF6C-4A80-9F05-391FAA974FF5}.Release|ARM.Deploy.0 = Release|Any CPU
		{13CA0821-BF6C-4A80-9F05-391FAA974FF5}.Release|iPhone.ActiveCfg = Release|Any CPU
		{13CA0821-BF6C-4A80-9F05-391FAA974FF5}.Release|iPhone.Build.0 = Release|Any CPU
		{13CA0821-BF6C-4A80-9F05-391FAA974FF5}.Release|iPhone.Deploy.0 = Release|Any CPU
		{13CA0821-BF6C-4A80-9F05-391FAA974FF5}.Release|iPhoneSimulator.ActiveCfg = Release|Any CPU
		{13CA0821-BF6C-4A80-9F05-391FAA974FF5}.Release|iPhoneSimulator.Build.0 = Release|Any CPU
		{13CA0821-BF6C-4A80-9F05-391FAA974FF5}.Release|iPhoneSimulator.Deploy.0 = Release|Any CPU
		{13CA0821-BF6C-4A80-9F05-391FAA974FF5}.Release|x64.ActiveCfg = Release|Any CPU
		{13CA0821-BF6C-4A80-9F05-391FAA974FF5}.Release|x64.Build.0 = Release|Any CPU
		{13CA0821-BF6C-4A80-9F05-391FAA974FF5}.Release|x64.Deploy.0 = Release|Any CPU
		{13CA0821-BF6C-4A80-9F05-391FAA974FF5}.Release|x86.ActiveCfg = Release|Any CPU
		{13CA0821-BF6C-4A80-9F05-391FAA974FF5}.Release|x86.Build.0 = Release|Any CPU
		{13CA0821-BF6C-4A80-9F05-391FAA974FF5}.Release|x86.Deploy.0 = Release|Any CPU
		{A68A9AF1-1AB6-479F-B61A-C7F6CB2FB080}.Ad-Hoc|Any CPU.ActiveCfg = Ad-Hoc|iPhone
		{A68A9AF1-1AB6-479F-B61A-C7F6CB2FB080}.Ad-Hoc|Any CPU.Build.0 = Ad-Hoc|iPhone
		{A68A9AF1-1AB6-479F-B61A-C7F6CB2FB080}.Ad-Hoc|Any CPU.Deploy.0 = Ad-Hoc|iPhone
		{A68A9AF1-1AB6-479F-B61A-C7F6CB2FB080}.Ad-Hoc|ARM.ActiveCfg = Ad-Hoc|iPhone
		{A68A9AF1-1AB6-479F-B61A-C7F6CB2FB080}.Ad-Hoc|ARM.Build.0 = Ad-Hoc|iPhone
		{A68A9AF1-1AB6-479F-B61A-C7F6CB2FB080}.Ad-Hoc|ARM.Deploy.0 = Ad-Hoc|iPhone
		{A68A9AF1-1AB6-479F-B61A-C7F6CB2FB080}.Ad-Hoc|iPhone.ActiveCfg = Ad-Hoc|iPhone
		{A68A9AF1-1AB6-479F-B61A-C7F6CB2FB080}.Ad-Hoc|iPhone.Build.0 = Ad-Hoc|iPhone
		{A68A9AF1-1AB6-479F-B61A-C7F6CB2FB080}.Ad-Hoc|iPhone.Deploy.0 = Ad-Hoc|iPhone
		{A68A9AF1-1AB6-479F-B61A-C7F6CB2FB080}.Ad-Hoc|iPhoneSimulator.ActiveCfg = Ad-Hoc|iPhoneSimulator
		{A68A9AF1-1AB6-479F-B61A-C7F6CB2FB080}.Ad-Hoc|iPhoneSimulator.Build.0 = Ad-Hoc|iPhoneSimulator
		{A68A9AF1-1AB6-479F-B61A-C7F6CB2FB080}.Ad-Hoc|iPhoneSimulator.Deploy.0 = Ad-Hoc|iPhoneSimulator
		{A68A9AF1-1AB6-479F-B61A-C7F6CB2FB080}.Ad-Hoc|x64.ActiveCfg = Ad-Hoc|iPhone
		{A68A9AF1-1AB6-479F-B61A-C7F6CB2FB080}.Ad-Hoc|x64.Build.0 = Ad-Hoc|iPhone
		{A68A9AF1-1AB6-479F-B61A-C7F6CB2FB080}.Ad-Hoc|x64.Deploy.0 = Ad-Hoc|iPhone
		{A68A9AF1-1AB6-479F-B61A-C7F6CB2FB080}.Ad-Hoc|x86.ActiveCfg = Ad-Hoc|iPhone
		{A68A9AF1-1AB6-479F-B61A-C7F6CB2FB080}.Ad-Hoc|x86.Build.0 = Ad-Hoc|iPhone
		{A68A9AF1-1AB6-479F-B61A-C7F6CB2FB080}.Ad-Hoc|x86.Deploy.0 = Ad-Hoc|iPhone
		{A68A9AF1-1AB6-479F-B61A-C7F6CB2FB080}.AppStore|Any CPU.ActiveCfg = AppStore|iPhone
		{A68A9AF1-1AB6-479F-B61A-C7F6CB2FB080}.AppStore|Any CPU.Build.0 = AppStore|iPhone
		{A68A9AF1-1AB6-479F-B61A-C7F6CB2FB080}.AppStore|Any CPU.Deploy.0 = AppStore|iPhone
		{A68A9AF1-1AB6-479F-B61A-C7F6CB2FB080}.AppStore|ARM.ActiveCfg = AppStore|iPhone
		{A68A9AF1-1AB6-479F-B61A-C7F6CB2FB080}.AppStore|ARM.Build.0 = AppStore|iPhone
		{A68A9AF1-1AB6-479F-B61A-C7F6CB2FB080}.AppStore|ARM.Deploy.0 = AppStore|iPhone
		{A68A9AF1-1AB6-479F-B61A-C7F6CB2FB080}.AppStore|iPhone.ActiveCfg = AppStore|iPhone
		{A68A9AF1-1AB6-479F-B61A-C7F6CB2FB080}.AppStore|iPhone.Build.0 = AppStore|iPhone
		{A68A9AF1-1AB6-479F-B61A-C7F6CB2FB080}.AppStore|iPhone.Deploy.0 = AppStore|iPhone
		{A68A9AF1-1AB6-479F-B61A-C7F6CB2FB080}.AppStore|iPhoneSimulator.ActiveCfg = AppStore|iPhoneSimulator
		{A68A9AF1-1AB6-479F-B61A-C7F6CB2FB080}.AppStore|iPhoneSimulator.Build.0 = AppStore|iPhoneSimulator
		{A68A9AF1-1AB6-479F-B61A-C7F6CB2FB080}.AppStore|iPhoneSimulator.Deploy.0 = AppStore|iPhoneSimulator
		{A68A9AF1-1AB6-479F-B61A-C7F6CB2FB080}.AppStore|x64.ActiveCfg = AppStore|iPhone
		{A68A9AF1-1AB6-479F-B61A-C7F6CB2FB080}.AppStore|x64.Build.0 = AppStore|iPhone
		{A68A9AF1-1AB6-479F-B61A-C7F6CB2FB080}.AppStore|x64.Deploy.0 = AppStore|iPhone
		{A68A9AF1-1AB6-479F-B61A-C7F6CB2FB080}.AppStore|x86.ActiveCfg = AppStore|iPhone
		{A68A9AF1-1AB6-479F-B61A-C7F6CB2FB080}.AppStore|x86.Build.0 = AppStore|iPhone
		{A68A9AF1-1AB6-479F-B61A-C7F6CB2FB080}.AppStore|x86.Deploy.0 = AppStore|iPhone
		{A68A9AF1-1AB6-479F-B61A-C7F6CB2FB080}.Debug|Any CPU.ActiveCfg = Debug|iPhoneSimulator
		{A68A9AF1-1AB6-479F-B61A-C7F6CB2FB080}.Debug|Any CPU.Build.0 = Debug|iPhoneSimulator
		{A68A9AF1-1AB6-479F-B61A-C7F6CB2FB080}.Debug|Any CPU.Deploy.0 = Debug|iPhoneSimulator
		{A68A9AF1-1AB6-479F-B61A-C7F6CB2FB080}.Debug|ARM.ActiveCfg = Debug|iPhone
		{A68A9AF1-1AB6-479F-B61A-C7F6CB2FB080}.Debug|ARM.Build.0 = Debug|iPhone
		{A68A9AF1-1AB6-479F-B61A-C7F6CB2FB080}.Debug|ARM.Deploy.0 = Debug|iPhone
		{A68A9AF1-1AB6-479F-B61A-C7F6CB2FB080}.Debug|iPhone.ActiveCfg = Debug|iPhone
		{A68A9AF1-1AB6-479F-B61A-C7F6CB2FB080}.Debug|iPhone.Build.0 = Debug|iPhone
		{A68A9AF1-1AB6-479F-B61A-C7F6CB2FB080}.Debug|iPhone.Deploy.0 = Debug|iPhone
		{A68A9AF1-1AB6-479F-B61A-C7F6CB2FB080}.Debug|iPhoneSimulator.ActiveCfg = Debug|iPhoneSimulator
		{A68A9AF1-1AB6-479F-B61A-C7F6CB2FB080}.Debug|iPhoneSimulator.Build.0 = Debug|iPhoneSimulator
		{A68A9AF1-1AB6-479F-B61A-C7F6CB2FB080}.Debug|iPhoneSimulator.Deploy.0 = Debug|iPhoneSimulator
		{A68A9AF1-1AB6-479F-B61A-C7F6CB2FB080}.Debug|x64.ActiveCfg = Debug|iPhone
		{A68A9AF1-1AB6-479F-B61A-C7F6CB2FB080}.Debug|x64.Build.0 = Debug|iPhone
		{A68A9AF1-1AB6-479F-B61A-C7F6CB2FB080}.Debug|x64.Deploy.0 = Debug|iPhone
		{A68A9AF1-1AB6-479F-B61A-C7F6CB2FB080}.Debug|x86.ActiveCfg = Debug|iPhone
		{A68A9AF1-1AB6-479F-B61A-C7F6CB2FB080}.Debug|x86.Build.0 = Debug|iPhone
		{A68A9AF1-1AB6-479F-B61A-C7F6CB2FB080}.Debug|x86.Deploy.0 = Debug|iPhone
		{A68A9AF1-1AB6-479F-B61A-C7F6CB2FB080}.Release|Any CPU.ActiveCfg = Release|iPhone
		{A68A9AF1-1AB6-479F-B61A-C7F6CB2FB080}.Release|Any CPU.Build.0 = Release|iPhone
		{A68A9AF1-1AB6-479F-B61A-C7F6CB2FB080}.Release|Any CPU.Deploy.0 = Release|iPhone
		{A68A9AF1-1AB6-479F-B61A-C7F6CB2FB080}.Release|ARM.ActiveCfg = Release|iPhone
		{A68A9AF1-1AB6-479F-B61A-C7F6CB2FB080}.Release|ARM.Build.0 = Release|iPhone
		{A68A9AF1-1AB6-479F-B61A-C7F6CB2FB080}.Release|ARM.Deploy.0 = Release|iPhone
		{A68A9AF1-1AB6-479F-B61A-C7F6CB2FB080}.Release|iPhone.ActiveCfg = Release|iPhone
		{A68A9AF1-1AB6-479F-B61A-C7F6CB2FB080}.Release|iPhone.Build.0 = Release|iPhone
		{A68A9AF1-1AB6-479F-B61A-C7F6CB2FB080}.Release|iPhone.Deploy.0 = Release|iPhone
		{A68A9AF1-1AB6-479F-B61A-C7F6CB2FB080}.Release|iPhoneSimulator.ActiveCfg = Release|iPhoneSimulator
		{A68A9AF1-1AB6-479F-B61A-C7F6CB2FB080}.Release|iPhoneSimulator.Build.0 = Release|iPhoneSimulator
		{A68A9AF1-1AB6-479F-B61A-C7F6CB2FB080}.Release|iPhoneSimulator.Deploy.0 = Release|iPhoneSimulator
		{A68A9AF1-1AB6-479F-B61A-C7F6CB2FB080}.Release|x64.ActiveCfg = Release|iPhone
		{A68A9AF1-1AB6-479F-B61A-C7F6CB2FB080}.Release|x64.Build.0 = Release|iPhone
		{A68A9AF1-1AB6-479F-B61A-C7F6CB2FB080}.Release|x64.Deploy.0 = Release|iPhone
		{A68A9AF1-1AB6-479F-B61A-C7F6CB2FB080}.Release|x86.ActiveCfg = Release|iPhone
		{A68A9AF1-1AB6-479F-B61A-C7F6CB2FB080}.Release|x86.Build.0 = Release|iPhone
		{A68A9AF1-1AB6-479F-B61A-C7F6CB2FB080}.Release|x86.Deploy.0 = Release|iPhone
		{807052B4-44C3-4365-9742-0650EE976ADC}.Ad-Hoc|Any CPU.ActiveCfg = Release|x86
		{807052B4-44C3-4365-9742-0650EE976ADC}.Ad-Hoc|Any CPU.Build.0 = Release|x86
		{807052B4-44C3-4365-9742-0650EE976ADC}.Ad-Hoc|Any CPU.Deploy.0 = Release|x86
		{807052B4-44C3-4365-9742-0650EE976ADC}.Ad-Hoc|ARM.ActiveCfg = Release|ARM
		{807052B4-44C3-4365-9742-0650EE976ADC}.Ad-Hoc|ARM.Build.0 = Release|ARM
		{807052B4-44C3-4365-9742-0650EE976ADC}.Ad-Hoc|ARM.Deploy.0 = Release|ARM
		{807052B4-44C3-4365-9742-0650EE976ADC}.Ad-Hoc|iPhone.ActiveCfg = Release|x86
		{807052B4-44C3-4365-9742-0650EE976ADC}.Ad-Hoc|iPhone.Build.0 = Release|x86
		{807052B4-44C3-4365-9742-0650EE976ADC}.Ad-Hoc|iPhone.Deploy.0 = Release|x86
		{807052B4-44C3-4365-9742-0650EE976ADC}.Ad-Hoc|iPhoneSimulator.ActiveCfg = Release|x86
		{807052B4-44C3-4365-9742-0650EE976ADC}.Ad-Hoc|iPhoneSimulator.Build.0 = Release|x86
		{807052B4-44C3-4365-9742-0650EE976ADC}.Ad-Hoc|iPhoneSimulator.Deploy.0 = Release|x86
		{807052B4-44C3-4365-9742-0650EE976ADC}.Ad-Hoc|x64.ActiveCfg = Release|x64
		{807052B4-44C3-4365-9742-0650EE976ADC}.Ad-Hoc|x64.Build.0 = Release|x64
		{807052B4-44C3-4365-9742-0650EE976ADC}.Ad-Hoc|x64.Deploy.0 = Release|x64
		{807052B4-44C3-4365-9742-0650EE976ADC}.Ad-Hoc|x86.ActiveCfg = Release|x86
		{807052B4-44C3-4365-9742-0650EE976ADC}.Ad-Hoc|x86.Build.0 = Release|x86
		{807052B4-44C3-4365-9742-0650EE976ADC}.Ad-Hoc|x86.Deploy.0 = Release|x86
		{807052B4-44C3-4365-9742-0650EE976ADC}.AppStore|Any CPU.ActiveCfg = Release|x86
		{807052B4-44C3-4365-9742-0650EE976ADC}.AppStore|Any CPU.Build.0 = Release|x86
		{807052B4-44C3-4365-9742-0650EE976ADC}.AppStore|Any CPU.Deploy.0 = Release|x86
		{807052B4-44C3-4365-9742-0650EE976ADC}.AppStore|ARM.ActiveCfg = Release|ARM
		{807052B4-44C3-4365-9742-0650EE976ADC}.AppStore|ARM.Build.0 = Release|ARM
		{807052B4-44C3-4365-9742-0650EE976ADC}.AppStore|ARM.Deploy.0 = Release|ARM
		{807052B4-44C3-4365-9742-0650EE976ADC}.AppStore|iPhone.ActiveCfg = Release|x86
		{807052B4-44C3-4365-9742-0650EE976ADC}.AppStore|iPhone.Build.0 = Release|x86
		{807052B4-44C3-4365-9742-0650EE976ADC}.AppStore|iPhone.Deploy.0 = Release|x86
		{807052B4-44C3-4365-9742-0650EE976ADC}.AppStore|iPhoneSimulator.ActiveCfg = Release|x86
		{807052B4-44C3-4365-9742-0650EE976ADC}.AppStore|iPhoneSimulator.Build.0 = Release|x86
		{807052B4-44C3-4365-9742-0650EE976ADC}.AppStore|iPhoneSimulator.Deploy.0 = Release|x86
		{807052B4-44C3-4365-9742-0650EE976ADC}.AppStore|x64.ActiveCfg = Release|x64
		{807052B4-44C3-4365-9742-0650EE976ADC}.AppStore|x64.Build.0 = Release|x64
		{807052B4-44C3-4365-9742-0650EE976ADC}.AppStore|x64.Deploy.0 = Release|x64
		{807052B4-44C3-4365-9742-0650EE976ADC}.AppStore|x86.ActiveCfg = Release|x86
		{807052B4-44C3-4365-9742-0650EE976ADC}.AppStore|x86.Build.0 = Release|x86
		{807052B4-44C3-4365-9742-0650EE976ADC}.AppStore|x86.Deploy.0 = Release|x86
		{807052B4-44C3-4365-9742-0650EE976ADC}.Debug|Any CPU.ActiveCfg = Debug|x86
		{807052B4-44C3-4365-9742-0650EE976ADC}.Debug|Any CPU.Build.0 = Debug|x86
		{807052B4-44C3-4365-9742-0650EE976ADC}.Debug|Any CPU.Deploy.0 = Debug|x86
		{807052B4-44C3-4365-9742-0650EE976ADC}.Debug|ARM.ActiveCfg = Debug|ARM
		{807052B4-44C3-4365-9742-0650EE976ADC}.Debug|ARM.Build.0 = Debug|ARM
		{807052B4-44C3-4365-9742-0650EE976ADC}.Debug|ARM.Deploy.0 = Debug|ARM
		{807052B4-44C3-4365-9742-0650EE976ADC}.Debug|iPhone.ActiveCfg = Debug|x86
		{807052B4-44C3-4365-9742-0650EE976ADC}.Debug|iPhone.Build.0 = Debug|x86
		{807052B4-44C3-4365-9742-0650EE976ADC}.Debug|iPhone.Deploy.0 = Debug|x86
		{807052B4-44C3-4365-9742-0650EE976ADC}.Debug|iPhoneSimulator.ActiveCfg = Debug|x86
		{807052B4-44C3-4365-9742-0650EE976ADC}.Debug|iPhoneSimulator.Build.0 = Debug|x86
		{807052B4-44C3-4365-9742-0650EE976ADC}.Debug|iPhoneSimulator.Deploy.0 = Debug|x86
		{807052B4-44C3-4365-9742-0650EE976ADC}.Debug|x64.ActiveCfg = Debug|x64
		{807052B4-44C3-4365-9742-0650EE976ADC}.Debug|x64.Build.0 = Debug|x64
		{807052B4-44C3-4365-9742-0650EE976ADC}.Debug|x64.Deploy.0 = Debug|x64
		{807052B4-44C3-4365-9742-0650EE976ADC}.Debug|x86.ActiveCfg = Debug|x86
		{807052B4-44C3-4365-9742-0650EE976ADC}.Debug|x86.Build.0 = Debug|x86
		{807052B4-44C3-4365-9742-0650EE976ADC}.Debug|x86.Deploy.0 = Debug|x86
		{807052B4-44C3-4365-9742-0650EE976ADC}.Release|Any CPU.ActiveCfg = Release|x86
		{807052B4-44C3-4365-9742-0650EE976ADC}.Release|Any CPU.Build.0 = Release|x86
		{807052B4-44C3-4365-9742-0650EE976ADC}.Release|Any CPU.Deploy.0 = Release|x86
		{807052B4-44C3-4365-9742-0650EE976ADC}.Release|ARM.ActiveCfg = Release|ARM
		{807052B4-44C3-4365-9742-0650EE976ADC}.Release|ARM.Build.0 = Release|ARM
		{807052B4-44C3-4365-9742-0650EE976ADC}.Release|ARM.Deploy.0 = Release|ARM
		{807052B4-44C3-4365-9742-0650EE976ADC}.Release|iPhone.ActiveCfg = Release|x86
		{807052B4-44C3-4365-9742-0650EE976ADC}.Release|iPhone.Build.0 = Release|x86
		{807052B4-44C3-4365-9742-0650EE976ADC}.Release|iPhone.Deploy.0 = Release|x86
		{807052B4-44C3-4365-9742-0650EE976ADC}.Release|iPhoneSimulator.ActiveCfg = Release|x86
		{807052B4-44C3-4365-9742-0650EE976ADC}.Release|iPhoneSimulator.Build.0 = Release|x86
		{807052B4-44C3-4365-9742-0650EE976ADC}.Release|iPhoneSimulator.Deploy.0 = Release|x86
		{807052B4-44C3-4365-9742-0650EE976ADC}.Release|x64.ActiveCfg = Release|x64
		{807052B4-44C3-4365-9742-0650EE976ADC}.Release|x64.Build.0 = Release|x64
		{807052B4-44C3-4365-9742-0650EE976ADC}.Release|x64.Deploy.0 = Release|x64
		{807052B4-44C3-4365-9742-0650EE976ADC}.Release|x86.ActiveCfg = Release|x86
		{807052B4-44C3-4365-9742-0650EE976ADC}.Release|x86.Build.0 = Release|x86
		{807052B4-44C3-4365-9742-0650EE976ADC}.Release|x86.Deploy.0 = Release|x86
		{D479A6C0-9968-4878-A53C-7DF30D14FEB8}.Ad-Hoc|Any CPU.ActiveCfg = Debug|Any CPU
		{D479A6C0-9968-4878-A53C-7DF30D14FEB8}.Ad-Hoc|Any CPU.Build.0 = Debug|Any CPU
		{D479A6C0-9968-4878-A53C-7DF30D14FEB8}.Ad-Hoc|Any CPU.Deploy.0 = Debug|Any CPU
		{D479A6C0-9968-4878-A53C-7DF30D14FEB8}.Ad-Hoc|ARM.ActiveCfg = Debug|Any CPU
		{D479A6C0-9968-4878-A53C-7DF30D14FEB8}.Ad-Hoc|ARM.Build.0 = Debug|Any CPU
		{D479A6C0-9968-4878-A53C-7DF30D14FEB8}.Ad-Hoc|ARM.Deploy.0 = Debug|Any CPU
		{D479A6C0-9968-4878-A53C-7DF30D14FEB8}.Ad-Hoc|iPhone.ActiveCfg = Debug|Any CPU
		{D479A6C0-9968-4878-A53C-7DF30D14FEB8}.Ad-Hoc|iPhone.Build.0 = Debug|Any CPU
		{D479A6C0-9968-4878-A53C-7DF30D14FEB8}.Ad-Hoc|iPhone.Deploy.0 = Debug|Any CPU
		{D479A6C0-9968-4878-A53C-7DF30D14FEB8}.Ad-Hoc|iPhoneSimulator.ActiveCfg = Debug|Any CPU
		{D479A6C0-9968-4878-A53C-7DF30D14FEB8}.Ad-Hoc|iPhoneSimulator.Build.0 = Debug|Any CPU
		{D479A6C0-9968-4878-A53C-7DF30D14FEB8}.Ad-Hoc|iPhoneSimulator.Deploy.0 = Debug|Any CPU
		{D479A6C0-9968-4878-A53C-7DF30D14FEB8}.Ad-Hoc|x64.ActiveCfg = Debug|Any CPU
		{D479A6C0-9968-4878-A53C-7DF30D14FEB8}.Ad-Hoc|x64.Build.0 = Debug|Any CPU
		{D479A6C0-9968-4878-A53C-7DF30D14FEB8}.Ad-Hoc|x64.Deploy.0 = Debug|Any CPU
		{D479A6C0-9968-4878-A53C-7DF30D14FEB8}.Ad-Hoc|x86.ActiveCfg = Debug|Any CPU
		{D479A6C0-9968-4878-A53C-7DF30D14FEB8}.Ad-Hoc|x86.Build.0 = Debug|Any CPU
		{D479A6C0-9968-4878-A53C-7DF30D14FEB8}.Ad-Hoc|x86.Deploy.0 = Debug|Any CPU
		{D479A6C0-9968-4878-A53C-7DF30D14FEB8}.AppStore|Any CPU.ActiveCfg = Debug|Any CPU
		{D479A6C0-9968-4878-A53C-7DF30D14FEB8}.AppStore|Any CPU.Build.0 = Debug|Any CPU
		{D479A6C0-9968-4878-A53C-7DF30D14FEB8}.AppStore|Any CPU.Deploy.0 = Debug|Any CPU
		{D479A6C0-9968-4878-A53C-7DF30D14FEB8}.AppStore|ARM.ActiveCfg = Debug|Any CPU
		{D479A6C0-9968-4878-A53C-7DF30D14FEB8}.AppStore|ARM.Build.0 = Debug|Any CPU
		{D479A6C0-9968-4878-A53C-7DF30D14FEB8}.AppStore|ARM.Deploy.0 = Debug|Any CPU
		{D479A6C0-9968-4878-A53C-7DF30D14FEB8}.AppStore|iPhone.ActiveCfg = Debug|Any CPU
		{D479A6C0-9968-4878-A53C-7DF30D14FEB8}.AppStore|iPhone.Build.0 = Debug|Any CPU
		{D479A6C0-9968-4878-A53C-7DF30D14FEB8}.AppStore|iPhone.Deploy.0 = Debug|Any CPU
		{D479A6C0-9968-4878-A53C-7DF30D14FEB8}.AppStore|iPhoneSimulator.ActiveCfg = Debug|Any CPU
		{D479A6C0-9968-4878-A53C-7DF30D14FEB8}.AppStore|iPhoneSimulator.Build.0 = Debug|Any CPU
		{D479A6C0-9968-4878-A53C-7DF30D14FEB8}.AppStore|iPhoneSimulator.Deploy.0 = Debug|Any CPU
		{D479A6C0-9968-4878-A53C-7DF30D14FEB8}.AppStore|x64.ActiveCfg = Debug|Any CPU
		{D479A6C0-9968-4878-A53C-7DF30D14FEB8}.AppStore|x64.Build.0 = Debug|Any CPU
		{D479A6C0-9968-4878-A53C-7DF30D14FEB8}.AppStore|x64.Deploy.0 = Debug|Any CPU
		{D479A6C0-9968-4878-A53C-7DF30D14FEB8}.AppStore|x86.ActiveCfg = Debug|Any CPU
		{D479A6C0-9968-4878-A53C-7DF30D14FEB8}.AppStore|x86.Build.0 = Debug|Any CPU
		{D479A6C0-9968-4878-A53C-7DF30D14FEB8}.AppStore|x86.Deploy.0 = Debug|Any CPU
		{D479A6C0-9968-4878-A53C-7DF30D14FEB8}.Debug|Any CPU.ActiveCfg = Debug|Any CPU
		{D479A6C0-9968-4878-A53C-7DF30D14FEB8}.Debug|Any CPU.Build.0 = Debug|Any CPU
		{D479A6C0-9968-4878-A53C-7DF30D14FEB8}.Debug|Any CPU.Deploy.0 = Debug|Any CPU
		{D479A6C0-9968-4878-A53C-7DF30D14FEB8}.Debug|ARM.ActiveCfg = Debug|Any CPU
		{D479A6C0-9968-4878-A53C-7DF30D14FEB8}.Debug|ARM.Build.0 = Debug|Any CPU
		{D479A6C0-9968-4878-A53C-7DF30D14FEB8}.Debug|ARM.Deploy.0 = Debug|Any CPU
		{D479A6C0-9968-4878-A53C-7DF30D14FEB8}.Debug|iPhone.ActiveCfg = Debug|Any CPU
		{D479A6C0-9968-4878-A53C-7DF30D14FEB8}.Debug|iPhone.Build.0 = Debug|Any CPU
		{D479A6C0-9968-4878-A53C-7DF30D14FEB8}.Debug|iPhone.Deploy.0 = Debug|Any CPU
		{D479A6C0-9968-4878-A53C-7DF30D14FEB8}.Debug|iPhoneSimulator.ActiveCfg = Debug|Any CPU
		{D479A6C0-9968-4878-A53C-7DF30D14FEB8}.Debug|iPhoneSimulator.Build.0 = Debug|Any CPU
		{D479A6C0-9968-4878-A53C-7DF30D14FEB8}.Debug|iPhoneSimulator.Deploy.0 = Debug|Any CPU
		{D479A6C0-9968-4878-A53C-7DF30D14FEB8}.Debug|x64.ActiveCfg = Debug|Any CPU
		{D479A6C0-9968-4878-A53C-7DF30D14FEB8}.Debug|x64.Build.0 = Debug|Any CPU
		{D479A6C0-9968-4878-A53C-7DF30D14FEB8}.Debug|x64.Deploy.0 = Debug|Any CPU
		{D479A6C0-9968-4878-A53C-7DF30D14FEB8}.Debug|x86.ActiveCfg = Debug|Any CPU
		{D479A6C0-9968-4878-A53C-7DF30D14FEB8}.Debug|x86.Build.0 = Debug|Any CPU
		{D479A6C0-9968-4878-A53C-7DF30D14FEB8}.Debug|x86.Deploy.0 = Debug|Any CPU
		{D479A6C0-9968-4878-A53C-7DF30D14FEB8}.Release|Any CPU.ActiveCfg = Release|Any CPU
		{D479A6C0-9968-4878-A53C-7DF30D14FEB8}.Release|Any CPU.Build.0 = Release|Any CPU
		{D479A6C0-9968-4878-A53C-7DF30D14FEB8}.Release|Any CPU.Deploy.0 = Release|Any CPU
		{D479A6C0-9968-4878-A53C-7DF30D14FEB8}.Release|ARM.ActiveCfg = Release|Any CPU
		{D479A6C0-9968-4878-A53C-7DF30D14FEB8}.Release|ARM.Build.0 = Release|Any CPU
		{D479A6C0-9968-4878-A53C-7DF30D14FEB8}.Release|ARM.Deploy.0 = Release|Any CPU
		{D479A6C0-9968-4878-A53C-7DF30D14FEB8}.Release|iPhone.ActiveCfg = Release|Any CPU
		{D479A6C0-9968-4878-A53C-7DF30D14FEB8}.Release|iPhone.Build.0 = Release|Any CPU
		{D479A6C0-9968-4878-A53C-7DF30D14FEB8}.Release|iPhone.Deploy.0 = Release|Any CPU
		{D479A6C0-9968-4878-A53C-7DF30D14FEB8}.Release|iPhoneSimulator.ActiveCfg = Release|Any CPU
		{D479A6C0-9968-4878-A53C-7DF30D14FEB8}.Release|iPhoneSimulator.Build.0 = Release|Any CPU
		{D479A6C0-9968-4878-A53C-7DF30D14FEB8}.Release|iPhoneSimulator.Deploy.0 = Release|Any CPU
		{D479A6C0-9968-4878-A53C-7DF30D14FEB8}.Release|x64.ActiveCfg = Release|Any CPU
		{D479A6C0-9968-4878-A53C-7DF30D14FEB8}.Release|x64.Build.0 = Release|Any CPU
		{D479A6C0-9968-4878-A53C-7DF30D14FEB8}.Release|x64.Deploy.0 = Release|Any CPU
		{D479A6C0-9968-4878-A53C-7DF30D14FEB8}.Release|x86.ActiveCfg = Release|Any CPU
		{D479A6C0-9968-4878-A53C-7DF30D14FEB8}.Release|x86.Build.0 = Release|Any CPU
		{D479A6C0-9968-4878-A53C-7DF30D14FEB8}.Release|x86.Deploy.0 = Release|Any CPU
	EndGlobalSection
	GlobalSection(SolutionProperties) = preSolution
		HideSolutionNode = FALSE
	EndGlobalSection
	GlobalSection(ExtensibilityGlobals) = postSolution
		SolutionGuid = {07A923D3-0CB3-4F12-95FD-8FBA4ACB23EB}
	EndGlobalSection
EndGlobal
